
Microsoft Visual Studio Solution File, Format Version 12.00
# Visual Studio 15
Project("{FAE04EC0-301F-11D3-BF4B-00C04F79EFBC}") = "GifAnimationXF.Android", "GifAnimationXF.Android\GifAnimationXF.Android.csproj", "{74BDA0DF-1169-4CD1-B3A7-B87E3AD5ADCE}"
EndProject
Project("{FAE04EC0-301F-11D3-BF4B-00C04F79EFBC}") = "GifAnimationXF.iOS", "GifAnimationXF.iOS\GifAnimationXF.iOS.csproj", "{4BB943D2-1EE1-4B10-B82F-A8747B0D00D6}"
EndProject
Project("{FAE04EC0-301F-11D3-BF4B-00C04F79EFBC}") = "GifAnimationXF", "GifAnimationXF\GifAnimationXF.csproj", "{1310C72E-C86F-4DE8-9E48-77613D05B757}"
EndProject
Global
	GlobalSection(SolutionConfigurationPlatforms) = preSolution
		Debug|Any CPU = Debug|Any CPU
		Release|Any CPU = Release|Any CPU
		Debug|iPhoneSimulator = Debug|iPhoneSimulator
		Release|iPhoneSimulator = Release|iPhoneSimulator
		Debug|iPhone = Debug|iPhone
		Release|iPhone = Release|iPhone
		Ad-Hoc|iPhone = Ad-Hoc|iPhone
		AppStore|iPhone = AppStore|iPhone
	EndGlobalSection
	GlobalSection(ProjectConfigurationPlatforms) = postSolution
		{74BDA0DF-1169-4CD1-B3A7-B87E3AD5ADCE}.Debug|Any CPU.ActiveCfg = Debug|Any CPU
		{74BDA0DF-1169-4CD1-B3A7-B87E3AD5ADCE}.Debug|Any CPU.Build.0 = Debug|Any CPU
		{74BDA0DF-1169-4CD1-B3A7-B87E3AD5ADCE}.Release|Any CPU.ActiveCfg = Release|Any CPU
		{74BDA0DF-1169-4CD1-B3A7-B87E3AD5ADCE}.Release|Any CPU.Build.0 = Release|Any CPU
		{74BDA0DF-1169-4CD1-B3A7-B87E3AD5ADCE}.Debug|iPhoneSimulator.ActiveCfg = Debug|Any CPU
		{74BDA0DF-1169-4CD1-B3A7-B87E3AD5ADCE}.Debug|iPhoneSimulator.Build.0 = Debug|Any CPU
		{74BDA0DF-1169-4CD1-B3A7-B87E3AD5ADCE}.Release|iPhoneSimulator.ActiveCfg = Release|Any CPU
		{74BDA0DF-1169-4CD1-B3A7-B87E3AD5ADCE}.Release|iPhoneSimulator.Build.0 = Release|Any CPU
		{74BDA0DF-1169-4CD1-B3A7-B87E3AD5ADCE}.Debug|iPhone.ActiveCfg = Debug|Any CPU
		{74BDA0DF-1169-4CD1-B3A7-B87E3AD5ADCE}.Debug|iPhone.Build.0 = Debug|Any CPU
		{74BDA0DF-1169-4CD1-B3A7-B87E3AD5ADCE}.Release|iPhone.ActiveCfg = Release|Any CPU
		{74BDA0DF-1169-4CD1-B3A7-B87E3AD5ADCE}.Release|iPhone.Build.0 = Release|Any CPU
		{74BDA0DF-1169-4CD1-B3A7-B87E3AD5ADCE}.Ad-Hoc|iPhone.ActiveCfg = Debug|Any CPU
		{74BDA0DF-1169-4CD1-B3A7-B87E3AD5ADCE}.Ad-Hoc|iPhone.Build.0 = Debug|Any CPU
		{74BDA0DF-1169-4CD1-B3A7-B87E3AD5ADCE}.AppStore|iPhone.ActiveCfg = Debug|Any CPU
		{74BDA0DF-1169-4CD1-B3A7-B87E3AD5ADCE}.AppStore|iPhone.Build.0 = Debug|Any CPU
		{4BB943D2-1EE1-4B10-B82F-A8747B0D00D6}.Debug|Any CPU.ActiveCfg = Debug|iPhoneSimulator
		{4BB943D2-1EE1-4B10-B82F-A8747B0D00D6}.Debug|Any CPU.Build.0 = Debug|iPhoneSimulator
		{4BB943D2-1EE1-4B10-B82F-A8747B0D00D6}.Release|Any CPU.ActiveCfg = Release|iPhoneSimulator
		{4BB943D2-1EE1-4B10-B82F-A8747B0D00D6}.Release|Any CPU.Build.0 = Release|iPhoneSimulator
		{4BB943D2-1EE1-4B10-B82F-A8747B0D00D6}.Debug|iPhoneSimulator.ActiveCfg = Debug|iPhoneSimulator
		{4BB943D2-1EE1-4B10-B82F-A8747B0D00D6}.Debug|iPhoneSimulator.Build.0 = Debug|iPhoneSimulator
		{4BB943D2-1EE1-4B10-B82F-A8747B0D00D6}.Release|iPhoneSimulator.ActiveCfg = Release|iPhoneSimulator
		{4BB943D2-1EE1-4B10-B82F-A8747B0D00D6}.Release|iPhoneSimulator.Build.0 = Release|iPhoneSimulator
		{4BB943D2-1EE1-4B10-B82F-A8747B0D00D6}.Debug|iPhone.ActiveCfg = Debug|iPhone
		{4BB943D2-1EE1-4B10-B82F-A8747B0D00D6}.Debug|iPhone.Build.0 = Debug|iPhone
		{4BB943D2-1EE1-4B10-B82F-A8747B0D00D6}.Release|iPhone.ActiveCfg = Release|iPhone
		{4BB943D2-1EE1-4B10-B82F-A8747B0D00D6}.Release|iPhone.Build.0 = Release|iPhone
		{4BB943D2-1EE1-4B10-B82F-A8747B0D00D6}.Ad-Hoc|iPhone.ActiveCfg = Ad-Hoc|iPhone
		{4BB943D2-1EE1-4B10-B82F-A8747B0D00D6}.Ad-Hoc|iPhone.Build.0 = Ad-Hoc|iPhone
		{4BB943D2-1EE1-4B10-B82F-A8747B0D00D6}.AppStore|iPhone.ActiveCfg = AppStore|iPhone
		{4BB943D2-1EE1-4B10-B82F-A8747B0D00D6}.AppStore|iPhone.Build.0 = AppStore|iPhone
		{1310C72E-C86F-4DE8-9E48-77613D05B757}.Debug|Any CPU.ActiveCfg = Debug|Any CPU
		{1310C72E-C86F-4DE8-9E48-77613D05B757}.Debug|Any CPU.Build.0 = Debug|Any CPU
		{1310C72E-C86F-4DE8-9E48-77613D05B757}.Release|Any CPU.ActiveCfg = Release|Any CPU
		{1310C72E-C86F-4DE8-9E48-77613D05B757}.Release|Any CPU.Build.0 = Release|Any CPU
		{1310C72E-C86F-4DE8-9E48-77613D05B757}.Debug|iPhoneSimulator.ActiveCfg = Debug|Any CPU
		{1310C72E-C86F-4DE8-9E48-77613D05B757}.Debug|iPhoneSimulator.Build.0 = Debug|Any CPU
		{1310C72E-C86F-4DE8-9E48-77613D05B757}.Release|iPhoneSimulator.ActiveCfg = Release|Any CPU
		{1310C72E-C86F-4DE8-9E48-77613D05B757}.Release|iPhoneSimulator.Build.0 = Release|Any CPU
		{1310C72E-C86F-4DE8-9E48-77613D05B757}.Debug|iPhone.ActiveCfg = Debug|Any CPU
		{1310C72E-C86F-4DE8-9E48-77613D05B757}.Debug|iPhone.Build.0 = Debug|Any CPU
		{1310C72E-C86F-4DE8-9E48-77613D05B757}.Release|iPhone.ActiveCfg = Release|Any CPU
		{1310C72E-C86F-4DE8-9E48-77613D05B757}.Release|iPhone.Build.0 = Release|Any CPU
		{1310C72E-C86F-4DE8-9E48-77613D05B757}.Ad-Hoc|iPhone.ActiveCfg = Debug|Any CPU
		{1310C72E-C86F-4DE8-9E48-77613D05B757}.Ad-Hoc|iPhone.Build.0 = Debug|Any CPU
		{1310C72E-C86F-4DE8-9E48-77613D05B757}.AppStore|iPhone.ActiveCfg = Debug|Any CPU
		{1310C72E-C86F-4DE8-9E48-77613D05B757}.AppStore|iPhone.Build.0 = Debug|Any CPU
	EndGlobalSection
EndGlobal
